
Microsoft Visual Studio Solution File, Format Version 12.00
# Visual Studio Version 17
VisualStudioVersion = 17.5.002.0
MinimumVisualStudioVersion = 10.0.40219.1
Project("{9A19103F-16F7-4668-BE54-9A1E7A4F7556}") = "TodoApp", "TodoApp\TodoApp.csproj", "{55BE5D55-8754-4B2E-AD51-132CD7500855}"
EndProject
Project("{2150E333-8FDC-42A3-9474-1A3956D46DE8}") = "TodoApp", "TodoApp", "{C6BF161D-2CCA-467E-BC8B-FA357808CB41}"
EndProject
Project("{FAE04EC0-301F-11D3-BF4B-00C04F79EFBC}") = "TodoServiceTest", "TodoApp\TodoServiceTest\TodoServiceTest.csproj", "{DDD2F6F9-206D-40AE-A251-8E7F20855F46}"
EndProject
Global
	GlobalSection(SolutionConfigurationPlatforms) = preSolution
		Debug|Any CPU = Debug|Any CPU
		Release|Any CPU = Release|Any CPU
	EndGlobalSection
	GlobalSection(ProjectConfigurationPlatforms) = postSolution
		{55BE5D55-8754-4B2E-AD51-132CD7500855}.Debug|Any CPU.ActiveCfg = Debug|Any CPU
		{55BE5D55-8754-4B2E-AD51-132CD7500855}.Debug|Any CPU.Build.0 = Debug|Any CPU
		{55BE5D55-8754-4B2E-AD51-132CD7500855}.Release|Any CPU.ActiveCfg = Release|Any CPU
		{55BE5D55-8754-4B2E-AD51-132CD7500855}.Release|Any CPU.Build.0 = Release|Any CPU
		{DDD2F6F9-206D-40AE-A251-8E7F20855F46}.Debug|Any CPU.ActiveCfg = Debug|Any CPU
		{DDD2F6F9-206D-40AE-A251-8E7F20855F46}.Debug|Any CPU.Build.0 = Debug|Any CPU
		{DDD2F6F9-206D-40AE-A251-8E7F20855F46}.Release|Any CPU.ActiveCfg = Release|Any CPU
		{DDD2F6F9-206D-40AE-A251-8E7F20855F46}.Release|Any CPU.Build.0 = Release|Any CPU
	EndGlobalSection
	GlobalSection(SolutionProperties) = preSolution
		HideSolutionNode = FALSE
	EndGlobalSection
	GlobalSection(ExtensibilityGlobals) = postSolution
		SolutionGuid = {28F61E1D-41AD-4BE5-94DC-304462525062}
	EndGlobalSection
	GlobalSection(NestedProjects) = preSolution
		{55BE5D55-8754-4B2E-AD51-132CD7500855} = {C6BF161D-2CCA-467E-BC8B-FA357808CB41}
		{DDD2F6F9-206D-40AE-A251-8E7F20855F46} = {C6BF161D-2CCA-467E-BC8B-FA357808CB41}
	EndGlobalSection
EndGlobal
